{
    "_meta": {
        "hash": {
            "sha256": "2942ad3fd56a9fbefe08866a99cbd6b6dc9792130da343cc31f72f50888c5236"
        },
        "pipfile-spec": 6,
        "requires": {
            "python_version": "3.11"
        },
        "sources": [
            {
                "name": "pypi",
                "url": "https://pypi.org/simple",
                "verify_ssl": true
            }
        ]
    },
    "default": {
        "pyqt6": {
            "hashes": [
                "sha256:2b0d9628134811fbfc988d1757111ca8e25cb697f136fa54c969fb1a4d4a61d1",
                "sha256:6f3d232fe2abb02689d23a83f9629ccca6d57a36384688cd6411700ff5cf43f2",
                "sha256:952ba3b50c10f61289ea74db4c7a616170219959ac5300e0d9ec5427a27e95c7",
                "sha256:99ea0e68f548509b7ef97cded0feeaf3dca7d1fe719388569407326be3be38c2",
                "sha256:b3f2bf611e7f09c25f5decb82fc27bbe63fcc498e63bf11d17e23916d716c805",
                "sha256:b97cb4be9b2c8997904ea668cf3b0a4ae5822196f7792590d05ecde6216a9fbc",
                "sha256:e3c8289d9a509be897265981b77eb29e64ce29e9d221fdf52545c2c95e819c9b"
            ],
            "index": "pypi",
            "version": "==6.5.0"
        },
        "pyqt6-qt6": {
            "hashes": [
                "sha256:6aa88aaf4e4e9236364d5b4da8ffdf2854dc579966f135e85e34a54a91ec8096",
                "sha256:7b04daf0e6ca1e79bf8d3e611392be06abc1687879e3475fcbad0d67672d3370",
                "sha256:dfc06f8da1728fa2ee2a9407d85704e2661415536190ec632dd8f657acc53842",
                "sha256:fc4de9c51bfa3e8eaef03ecd4e6346f42a3accf69555987d66dd1236f14e8225"
            ],
            "version": "==6.5.1"
        },
        "pyqt6-sip": {
            "hashes": [
                "sha256:08b69898aab0fcc73661b212d434f9e9eb50319481bc2ac3aaf1ac06bc9feca6",
                "sha256:18c0e75e6ebd91dc96dbc6290f044ec37e764890ef2182c82b99ea5b655ea466",
                "sha256:1e7bb3e45e57dfdb9437043d99b7cb797707e7f2475d122928b13688458f94b7",
                "sha256:2a15f080a994936ed182f4a81343baa19bac9063ec6efc0a93d026f5cfc95ace",
                "sha256:4b2e70d21069fe6e20bf22de1de2985e064e00d1368e0a171ce38824be4339ab",
                "sha256:52931307cf06c5ac992df2877e899f8b8ba72464e2828fe442b18fd51c7bf787",
                "sha256:5e8fdb0821c0c556d2a34db1229d4bd711499a1102241b1b9fcf1ee34f87e564",
                "sha256:a867601c38acc9b0c7f9aab4f96d9ec8cbedfcd5ae245f82a9c1c48f352413e4",
                "sha256:ad802005e68bb9bb6f869b7f904c73d7c7793d11b83d317c33ff6b0c163d785f",
                "sha256:c3e2f155f92f96d73c680caf3d87f4f9f9aaf6487c125ecbe7140daad7d87245",
                "sha256:c71d303ff654ad947d8c0cb5ebfde9a59390aac52eb695a775234a08bee8f44e",
                "sha256:d1e9141752966669576d04b37ba0b122abbc41cc9c35493751028d7d91c4dd49",
                "sha256:d79957dd0c0ea1a17f0846806ea203dce827df6a9dcd93ebfe98fdd6186d9ecc",
                "sha256:d90dfec64c35c91644a3e32d3e5680cdee549d00245ea7252cb6298797f9bcef",
                "sha256:e0d715bb5b86eb8f09d84b2b4400df7e4c96ef730801bc145a1c23be79f39fac",
                "sha256:f7b4e3cad598afd9b50a32732007184141b400769d425cae86f4e702cbc882b3"
            ],
            "markers": "python_version >= '3.7'",
            "version": "==13.5.1"
        },
        "pyside6": {
            "hashes": [
                "sha256:00069045509a0d7274ad9cf79bd935a126b2d73ef9f9ae81bb5d62ca8b79ea00",
                "sha256:0236f3cc2d293fe755be9d1c85a3d955738d3e8667d55a7e76889366b0a31122",
                "sha256:365022e61bbcbcec9dde6a0afa5375948054edb5e38e06ddf4f902ac3dd6f50c",
                "sha256:e1f46b654048f83a14705447564536024cbb9eccd8a60116f557a5d10725c85e",
                "sha256:e45a60044ddf663920506cac6f92b6eff08b436465a752a444fed4dd35aed6eb",
                "sha256:e85dc1b14f9dbaa322099c56ab75c09dbe40429c6918b8a3e8901333d8f73722"
            ],
            "index": "pypi",
            "version": "==6.5.1"
        },
        "pyside6-addons": {
            "hashes": [
                "sha256:48792783d43408e905c483f64cfea684f79bac1245cfb14c9d42ad2ab3a38f8f",
                "sha256:68f72db78f2f0daa73382a079788cd1ce7d4f1a10ea58a69dcbf1eaa3c2699d7",
                "sha256:72a7ef1d38cc09541c8d277851c17c3b34c5fe9f766e71224122d0e382d1ac26",
                "sha256:d208d1558845c9cb1185d720f7ae0dbe584bedda9cfd163af693952d6922f70a",
                "sha256:dd8cb8ac79685f48e442a2683206fe75d7cb8cbeeda9e9c2504fca86932d532a",
                "sha256:fb76a18708f4f1eb6be52255e27f33ea9d4a303efd9c2ce204c6d578692de699"
            ],
            "markers": "python_version < '3.12' and python_version >= '3.7'",
            "version": "==6.5.1"
        },
        "pyside6-essentials": {
            "hashes": [
                "sha256:09884ace7574b64d33a0fe53b6185d1ffcd8cc5fa3451169b12b9ac1ea7e9951",
                "sha256:475d32118242aea4236ce5a77f9eeb027a34cf05684763d24a8abe112f24029c",
                "sha256:6169239731646b81a7b325562f4e99dee4160db757370914c77030538de4dd47",
                "sha256:a7d2ec3ec43ca76c21bcc4a807e0e5d64a3376ba0c9fe1e90fb7cda923b6784c",
                "sha256:b893e901724376c556abc6e4e7a88ec2b60483752c4af62692f71ae01d8c6824",
                "sha256:dd2d5fe5af688090849e59ca4afa11330b9236913bf18f84825b0d074f553e16"
            ],
            "markers": "python_version < '3.12' and python_version >= '3.7'",
            "version": "==6.5.1"
        },
        "shiboken6": {
            "hashes": [
                "sha256:0f8744f06a8518476626230c85b1246a95f650cf739c06ee2b6f8a9124f1e8c0",
                "sha256:3a832110f752228e3e0c30a86a6c3fc2770148c2999c15c8fc259c03cce1e065",
                "sha256:40313ea1c940e7c6fd26651b166b5ddb3db850374d29c74342a74dbba92ba61b",
                "sha256:5619e6318228e85194cbb7966e3e05bf815305e85edf0f02af19156ba8506d5d",
                "sha256:8a0828ed237d16124376a97888a62ffe8243f3c623c87d204483d1d5b4511968",
                "sha256:d9b3724772d5e98868ea6718a8d866ab3591ee3300febc74b00b32aaa0e4d295"
            ],
            "markers": "python_version < '3.12' and python_version >= '3.7'",
            "version": "==6.5.1"
        },
        "sqlalchemy": {
            "hashes": [
                "sha256:1a0754c2d9f0c7982bec0a31138e495ed1f6b8435d7e677c45be60ec18370acf",
                "sha256:1d6320a1d175447dce63618ec997a53836de48ed3b44bbe952f0b4b399b19941",
                "sha256:1e885dacb167077df15af2f9ccdacbd7f5dd0d538a6d74b94074f2cefc7bb589",
                "sha256:201a99f922ac8c780b3929128fbd9df901418877c70e160e19adb05665e51c31",
                "sha256:21c89044fc48a25c2184eba332edeffbbf9367913bb065cd31538235d828f06f",
                "sha256:256b2b9660e51ad7055a9835b12717416cf7288afcf465107413917b6bb2316f",
                "sha256:2e940a8659ef870ae10e0d9e2a6d5aaddf0ff6e91f7d0d7732afc9e8c4be9bbc",
                "sha256:3fb5d09f1d51480f711b69fe28ad42e4f8b08600a85ab2473baee669e1257800",
                "sha256:435f6807fa6a0597d84741470f19db204a7d34625ea121abd63e8d95f673f0c4",
                "sha256:4670ce853cb25f72115a1bbe366ae13cf3f28fc5c87222df14f8d3d55d51816e",
                "sha256:4a75fdb9a84072521bb2ebd31eefe1165d4dccea3039dda701a864f4b5daa17f",
                "sha256:4d61731a35eddb0f667774fe15e5a4831e444d066081d1e809e1b8a0e3f97cae",
                "sha256:51b19887c96d405599880da6a7cbdf8545a7e78ec5683e46a43bac8885e32d0f",
                "sha256:536c86ec81ca89291d533ff41a3a05f9e4e88e01906dcee0751fc7082f3e8d6c",
                "sha256:55ec62ddc0200b4fee94d11abbec7aa25948d5d21cb8df8807f4bdd3c51ba44b",
                "sha256:5cc48a7fda2b5c5b8860494d6c575db3a101a68416492105fed6591dc8a2728a",
                "sha256:670ecf74ee2e70b917028a06446ad26ff9b1195e84b09c3139c215123d57dc30",
                "sha256:6a3f8020e013e9b3b7941dcf20b0fc8f7429daaf7158760846731cbd8caa5e45",
                "sha256:6b42913a0259267e9ee335da0c36498077799e59c5e332d506e72b4f32de781d",
                "sha256:6f5784dfb2d45c19cde03c45c04a54bf47428610106197ed6e6fa79f33bc63d3",
                "sha256:6f80a9c9a9af0e4bd5080cc0955ce70274c28e9b931ad7e0fb07021afcd32af6",
                "sha256:78303719c6f72af97814b0072ad18bee72e70adca8d95cf8fecd59c5e1ddb040",
                "sha256:788d1772fb8dcd12091ca82809eef504ce0f2c423e45284bc351b872966ff554",
                "sha256:79bfe728219239bdc493950ea4a4d15b02138ecb304771f9024d0d6f5f4e3706",
                "sha256:810199d1c5b43603a9e815ae9487aef3ab1ade7ed9c0c485e12519358929fbfe",
                "sha256:88ab245ed2c96265441ed2818977be28c840cfa5204ba167425d6c26eb67b7e7",
                "sha256:933d30273861fe61f014ce2a7e3c364915f5efe9ed250ec1066ca6ea5942c0bd",
                "sha256:994a75b197662e0608b6a76935d7c345f7fd874eac0b7093d561033db61b0e8c",
                "sha256:9b31ebde27575b3b0708673ec14f0c305c4564d995b545148ab7ac0f4d9b847a",
                "sha256:9d810b4aacd5ef4e293aa4ea01f19fca53999e9edcfc4a8ef1146238b30bdc28",
                "sha256:ae1d8deb391ab39cc8f0d5844e588a115ae3717e607d91482023917f920f777f",
                "sha256:bc5c2b0da46c26c5f73f700834f871d0723e1e882641932468d56833bab09775",
                "sha256:cea7c4a3dfc2ca61f88a2b1ddd6b0bfbd116c9b1a361b3b66fd826034b833142",
                "sha256:d14282bf5b4de87f922db3c70858953fd081ef4f05dba6cca3dd705daffe1cc9",
                "sha256:d6b17cb86908e7f88be14007d6afe7d2ab11966e373044137f96a6a4d83eb21c",
                "sha256:da7381a883aee20b7d2ffda17d909b38134b6a625920e65239a1c681881df800",
                "sha256:db269f67ed17b07e80aaa8fba1f650c0d84aa0bdd9d5352e4ac38d5bf47ac568",
                "sha256:df25052b92bd514357a9b370d74f240db890ea79aaa428fb893520e10ee5bc18",
                "sha256:e17fdcb8971e77c439113642ca8861f9465e21fc693bd3916654ceef3ac26883",
                "sha256:f6fd3c88ea4b170d13527e93be1945e69facd917661d3725a63470eb683fbffe",
                "sha256:f7f994a53c0e6b44a2966fd6bfc53e37d34b7dca34e75b6be295de6db598255e"
            ],
            "index": "pypi",
            "version": "==2.0.15"
        },
        "typing-extensions": {
            "hashes": [
                "sha256:06006244c70ac8ee83fa8282cb188f697b8db25bc8b4df07be1873c43897060c",
                "sha256:3a8b36f13dd5fdc5d1b16fe317f5668545de77fa0b8e02006381fd49d731ab98"
            ],
            "markers": "python_version >= '3.7'",
            "version": "==4.6.2"
        }
    },
    "develop": {}
}
